// !$*UTF8*$!
{
	archiveVersion = 1;
	classes = {
	};
	objectVersion = 50;
	objects = {

/* Begin PBXBuildFile section */
		79FBF4B72386FB00002189D2 /* AppDelegate.swift in Sources */ = {isa = PBXBuildFile; fileRef = 79FBF4B62386FB00002189D2 /* AppDelegate.swift */; };
		79FBF4B92386FB00002189D2 /* art.scnassets in Resources */ = {isa = PBXBuildFile; fileRef = 79FBF4B82386FB00002189D2 /* art.scnassets */; };
		79FBF4BB2386FB00002189D2 /* ViewController.swift in Sources */ = {isa = PBXBuildFile; fileRef = 79FBF4BA2386FB00002189D2 /* ViewController.swift */; };
		79FBF4BE2386FB00002189D2 /* Main.storyboard in Resources */ = {isa = PBXBuildFile; fileRef = 79FBF4BC2386FB00002189D2 /* Main.storyboard */; };
		79FBF4C02386FB01002189D2 /* Assets.xcassets in Resources */ = {isa = PBXBuildFile; fileRef = 79FBF4BF2386FB01002189D2 /* Assets.xcassets */; };
		79FBF4C32386FB01002189D2 /* LaunchScreen.storyboard in Resources */ = {isa = PBXBuildFile; fileRef = 79FBF4C12386FB01002189D2 /* LaunchScreen.storyboard */; };
		79FBF4CE2386FB02002189D2 /* FlameBallTests.swift in Sources */ = {isa = PBXBuildFile; fileRef = 79FBF4CD2386FB02002189D2 /* FlameBallTests.swift */; };
		79FBF4D92386FB02002189D2 /* FlameBallUITests.swift in Sources */ = {isa = PBXBuildFile; fileRef = 79FBF4D82386FB02002189D2 /* FlameBallUITests.swift */; };
/* End PBXBuildFile section */

/* Begin PBXContainerItemProxy section */
		79FBF4CA2386FB02002189D2 /* PBXContainerItemProxy */ = {
			isa = PBXContainerItemProxy;
			containerPortal = 79FBF4AB2386FB00002189D2 /* Project object */;
			proxyType = 1;
			remoteGlobalIDString = 79FBF4B22386FB00002189D2;
			remoteInfo = FlameBall;
		};
		79FBF4D52386FB02002189D2 /* PBXContainerItemProxy */ = {
			isa = PBXContainerItemProxy;
			containerPortal = 79FBF4AB2386FB00002189D2 /* Project object */;
			proxyType = 1;
			remoteGlobalIDString = 79FBF4B22386FB00002189D2;
			remoteInfo = FlameBall;
		};
/* End PBXContainerItemProxy section */

/* Begin PBXFileReference section */
		79FBF4B32386FB00002189D2 /* FlameBall.app */ = {isa = PBXFileReference; explicitFileType = wrapper.application; includeInIndex = 0; path = FlameBall.app; sourceTree = BUILT_PRODUCTS_DIR; };
		79FBF4B62386FB00002189D2 /* AppDelegate.swift */ = {isa = PBXFileReference; lastKnownFileType = sourcecode.swift; path = AppDelegate.swift; sourceTree = "<group>"; };
		79FBF4B82386FB00002189D2 /* art.scnassets */ = {isa = PBXFileReference; lastKnownFileType = wrapper.scnassets; path = art.scnassets; sourceTree = "<group>"; };
		79FBF4BA2386FB00002189D2 /* ViewController.swift */ = {isa = PBXFileReference; lastKnownFileType = sourcecode.swift; path = ViewController.swift; sourceTree = "<group>"; };
		79FBF4BD2386FB00002189D2 /* Base */ = {isa = PBXFileReference; lastKnownFileType = file.storyboard; name = Base; path = Base.lproj/Main.storyboard; sourceTree = "<group>"; };
		79FBF4BF2386FB01002189D2 /* Assets.xcassets */ = {isa = PBXFileReference; lastKnownFileType = folder.assetcatalog; path = Assets.xcassets; sourceTree = "<group>"; };
		79FBF4C22386FB01002189D2 /* Base */ = {isa = PBXFileReference; lastKnownFileType = file.storyboard; name = Base; path = Base.lproj/LaunchScreen.storyboard; sourceTree = "<group>"; };
		79FBF4C42386FB01002189D2 /* Info.plist */ = {isa = PBXFileReference; lastKnownFileType = text.plist.xml; path = Info.plist; sourceTree = "<group>"; };
		79FBF4C92386FB02002189D2 /* FlameBallTests.xctest */ = {isa = PBXFileReference; explicitFileType = wrapper.cfbundle; includeInIndex = 0; path = FlameBallTests.xctest; sourceTree = BUILT_PRODUCTS_DIR; };
		79FBF4CD2386FB02002189D2 /* FlameBallTests.swift */ = {isa = PBXFileReference; lastKnownFileType = sourcecode.swift; path = FlameBallTests.swift; sourceTree = "<group>"; };
		79FBF4CF2386FB02002189D2 /* Info.plist */ = {isa = PBXFileReference; lastKnownFileType = text.plist.xml; path = Info.plist; sourceTree = "<group>"; };
		79FBF4D42386FB02002189D2 /* FlameBallUITests.xctest */ = {isa = PBXFileReference; explicitFileType = wrapper.cfbundle; includeInIndex = 0; path = FlameBallUITests.xctest; sourceTree = BUILT_PRODUCTS_DIR; };
		79FBF4D82386FB02002189D2 /* FlameBallUITests.swift */ = {isa = PBXFileReference; lastKnownFileType = sourcecode.swift; path = FlameBallUITests.swift; sourceTree = "<group>"; };
		79FBF4DA2386FB02002189D2 /* Info.plist */ = {isa = PBXFileReference; lastKnownFileType = text.plist.xml; path = Info.plist; sourceTree = "<group>"; };
/* End PBXFileReference section */

/* Begin PBXFrameworksBuildPhase section */
		79FBF4B02386FB00002189D2 /* Frameworks */ = {
			isa = PBXFrameworksBuildPhase;
			buildActionMask = 2147483647;
			files = (
			);
			runOnlyForDeploymentPostprocessing = 0;
		};
		79FBF4C62386FB02002189D2 /* Frameworks */ = {
			isa = PBXFrameworksBuildPhase;
			buildActionMask = 2147483647;
			files = (
			);
			runOnlyForDeploymentPostprocessing = 0;
		};
		79FBF4D12386FB02002189D2 /* Frameworks */ = {
			isa = PBXFrameworksBuildPhase;
			buildActionMask = 2147483647;
			files = (
			);
			runOnlyForDeploymentPostprocessing = 0;
		};
/* End PBXFrameworksBuildPhase section */

/* Begin PBXGroup section */
		79FBF4AA2386FB00002189D2 = {
			isa = PBXGroup;
			children = (
				79FBF4B52386FB00002189D2 /* FlameBall */,
				79FBF4CC2386FB02002189D2 /* FlameBallTests */,
				79FBF4D72386FB02002189D2 /* FlameBallUITests */,
				79FBF4B42386FB00002189D2 /* Products */,
			);
			sourceTree = "<group>";
		};
		79FBF4B42386FB00002189D2 /* Products */ = {
			isa = PBXGroup;
			children = (
				79FBF4B32386FB00002189D2 /* FlameBall.app */,
				79FBF4C92386FB02002189D2 /* FlameBallTests.xctest */,
				79FBF4D42386FB02002189D2 /* FlameBallUITests.xctest */,
			);
			name = Products;
			sourceTree = "<group>";
		};
		79FBF4B52386FB00002189D2 /* FlameBall */ = {
			isa = PBXGroup;
			children = (
				79FBF4B62386FB00002189D2 /* AppDelegate.swift */,
				79FBF4B82386FB00002189D2 /* art.scnassets */,
				79FBF4BA2386FB00002189D2 /* ViewController.swift */,
				79FBF4BC2386FB00002189D2 /* Main.storyboard */,
				79FBF4BF2386FB01002189D2 /* Assets.xcassets */,
				79FBF4C12386FB01002189D2 /* LaunchScreen.storyboard */,
				79FBF4C42386FB01002189D2 /* Info.plist */,
			);
			path = FlameBall;
			sourceTree = "<group>";
		};
		79FBF4CC2386FB02002189D2 /* FlameBallTests */ = {
			isa = PBXGroup;
			children = (
				79FBF4CD2386FB02002189D2 /* FlameBallTests.swift */,
				79FBF4CF2386FB02002189D2 /* Info.plist */,
			);
			path = FlameBallTests;
			sourceTree = "<group>";
		};
		79FBF4D72386FB02002189D2 /* FlameBallUITests */ = {
			isa = PBXGroup;
			children = (
				79FBF4D82386FB02002189D2 /* FlameBallUITests.swift */,
				79FBF4DA2386FB02002189D2 /* Info.plist */,
			);
			path = FlameBallUITests;
			sourceTree = "<group>";
		};
/* End PBXGroup section */

/* Begin PBXNativeTarget section */
		79FBF4B22386FB00002189D2 /* FlameBall */ = {
			isa = PBXNativeTarget;
			buildConfigurationList = 79FBF4DD2386FB02002189D2 /* Build configuration list for PBXNativeTarget "FlameBall" */;
			buildPhases = (
				79FBF4AF2386FB00002189D2 /* Sources */,
				79FBF4B02386FB00002189D2 /* Frameworks */,
				79FBF4B12386FB00002189D2 /* Resources */,
			);
			buildRules = (
			);
			dependencies = (
			);
			name = FlameBall;
			productName = FlameBall;
			productReference = 79FBF4B32386FB00002189D2 /* FlameBall.app */;
			productType = "com.apple.product-type.application";
		};
		79FBF4C82386FB02002189D2 /* FlameBallTests */ = {
			isa = PBXNativeTarget;
			buildConfigurationList = 79FBF4E02386FB02002189D2 /* Build configuration list for PBXNativeTarget "FlameBallTests" */;
			buildPhases = (
				79FBF4C52386FB02002189D2 /* Sources */,
				79FBF4C62386FB02002189D2 /* Frameworks */,
				79FBF4C72386FB02002189D2 /* Resources */,
			);
			buildRules = (
			);
			dependencies = (
				79FBF4CB2386FB02002189D2 /* PBXTargetDependency */,
			);
			name = FlameBallTests;
			productName = FlameBallTests;
			productReference = 79FBF4C92386FB02002189D2 /* FlameBallTests.xctest */;
			productType = "com.apple.product-type.bundle.unit-test";
		};
		79FBF4D32386FB02002189D2 /* FlameBallUITests */ = {
			isa = PBXNativeTarget;
			buildConfigurationList = 79FBF4E32386FB02002189D2 /* Build configuration list for PBXNativeTarget "FlameBallUITests" */;
			buildPhases = (
				79FBF4D02386FB02002189D2 /* Sources */,
				79FBF4D12386FB02002189D2 /* Frameworks */,
				79FBF4D22386FB02002189D2 /* Resources */,
			);
			buildRules = (
			);
			dependencies = (
				79FBF4D62386FB02002189D2 /* PBXTargetDependency */,
			);
			name = FlameBallUITests;
			productName = FlameBallUITests;
			productReference = 79FBF4D42386FB02002189D2 /* FlameBallUITests.xctest */;
			productType = "com.apple.product-type.bundle.ui-testing";
		};
/* End PBXNativeTarget section */

/* Begin PBXProject section */
		79FBF4AB2386FB00002189D2 /* Project object */ = {
			isa = PBXProject;
			attributes = {
				LastSwiftUpdateCheck = 1100;
				LastUpgradeCheck = 1100;
				ORGANIZATIONNAME = SYD2802;
				TargetAttributes = {
					79FBF4B22386FB00002189D2 = {
						CreatedOnToolsVersion = 11.0;
					};
					79FBF4C82386FB02002189D2 = {
						CreatedOnToolsVersion = 11.0;
						TestTargetID = 79FBF4B22386FB00002189D2;
					};
					79FBF4D32386FB02002189D2 = {
						CreatedOnToolsVersion = 11.0;
						TestTargetID = 79FBF4B22386FB00002189D2;
					};
				};
			};
			buildConfigurationList = 79FBF4AE2386FB00002189D2 /* Build configuration list for PBXProject "FlameBall" */;
			compatibilityVersion = "Xcode 9.3";
			developmentRegion = en;
			hasScannedForEncodings = 0;
			knownRegions = (
				en,
				Base,
			);
			mainGroup = 79FBF4AA2386FB00002189D2;
			productRefGroup = 79FBF4B42386FB00002189D2 /* Products */;
			projectDirPath = "";
			projectRoot = "";
			targets = (
				79FBF4B22386FB00002189D2 /* FlameBall */,
				79FBF4C82386FB02002189D2 /* FlameBallTests */,
				79FBF4D32386FB02002189D2 /* FlameBallUITests */,
			);
		};
/* End PBXProject section */

/* Begin PBXResourcesBuildPhase section */
		79FBF4B12386FB00002189D2 /* Resources */ = {
			isa = PBXResourcesBuildPhase;
			buildActionMask = 2147483647;
			files = (
				79FBF4B92386FB00002189D2 /* art.scnassets in Resources */,
				79FBF4C32386FB01002189D2 /* LaunchScreen.storyboard in Resources */,
				79FBF4C02386FB01002189D2 /* Assets.xcassets in Resources */,
				79FBF4BE2386FB00002189D2 /* Main.storyboard in Resources */,
			);
			runOnlyForDeploymentPostprocessing = 0;
		};
		79FBF4C72386FB02002189D2 /* Resources */ = {
			isa = PBXResourcesBuildPhase;
			buildActionMask = 2147483647;
			files = (
			);
			runOnlyForDeploymentPostprocessing = 0;
		};
		79FBF4D22386FB02002189D2 /* Resources */ = {
			isa = PBXResourcesBuildPhase;
			buildActionMask = 2147483647;
			files = (
			);
			runOnlyForDeploymentPostprocessing = 0;
		};
/* End PBXResourcesBuildPhase section */

/* Begin PBXSourcesBuildPhase section */
		79FBF4AF2386FB00002189D2 /* Sources */ = {
			isa = PBXSourcesBuildPhase;
			buildActionMask = 2147483647;
			files = (
				79FBF4BB2386FB00002189D2 /* ViewController.swift in Sources */,
				79FBF4B72386FB00002189D2 /* AppDelegate.swift in Sources */,
			);
			runOnlyForDeploymentPostprocessing = 0;
		};
		79FBF4C52386FB02002189D2 /* Sources */ = {
			isa = PBXSourcesBuildPhase;
			buildActionMask = 2147483647;
			files = (
				79FBF4CE2386FB02002189D2 /* FlameBallTests.swift in Sources */,
			);
			runOnlyForDeploymentPostprocessing = 0;
		};
		79FBF4D02386FB02002189D2 /* Sources */ = {
			isa = PBXSourcesBuildPhase;
			buildActionMask = 2147483647;
			files = (
				79FBF4D92386FB02002189D2 /* FlameBallUITests.swift in Sources */,
			);
			runOnlyForDeploymentPostprocessing = 0;
		};
/* End PBXSourcesBuildPhase section */

/* Begin PBXTargetDependency section */
		79FBF4CB2386FB02002189D2 /* PBXTargetDependency */ = {
			isa = PBXTargetDependency;
			target = 79FBF4B22386FB00002189D2 /* FlameBall */;
			targetProxy = 79FBF4CA2386FB02002189D2 /* PBXContainerItemProxy */;
		};
		79FBF4D62386FB02002189D2 /* PBXTargetDependency */ = {
			isa = PBXTargetDependency;
			target = 79FBF4B22386FB00002189D2 /* FlameBall */;
			targetProxy = 79FBF4D52386FB02002189D2 /* PBXContainerItemProxy */;
		};
/* End PBXTargetDependency section */

/* Begin PBXVariantGroup section */
		79FBF4BC2386FB00002189D2 /* Main.storyboard */ = {
			isa = PBXVariantGroup;
			children = (
				79FBF4BD2386FB00002189D2 /* Base */,
			);
			name = Main.storyboard;
			sourceTree = "<group>";
		};
		79FBF4C12386FB01002189D2 /* LaunchScreen.storyboard */ = {
			isa = PBXVariantGroup;
			children = (
				79FBF4C22386FB01002189D2 /* Base */,
			);
			name = LaunchScreen.storyboard;
			sourceTree = "<group>";
		};
/* End PBXVariantGroup section */

/* Begin XCBuildConfiguration section */
		79FBF4DB2386FB02002189D2 /* Debug */ = {
			isa = XCBuildConfiguration;
			buildSettings = {
				ALWAYS_SEARCH_USER_PATHS = NO;
				CLANG_ANALYZER_NONNULL = YES;
				CLANG_ANALYZER_NUMBER_OBJECT_CONVERSION = YES_AGGRESSIVE;
				CLANG_CXX_LANGUAGE_STANDARD = "gnu++14";
				CLANG_CXX_LIBRARY = "libc++";
				CLANG_ENABLE_MODULES = YES;
				CLANG_ENABLE_OBJC_ARC = YES;
				CLANG_ENABLE_OBJC_WEAK = YES;
				CLANG_WARN_BLOCK_CAPTURE_AUTORELEASING = YES;
				CLANG_WARN_BOOL_CONVERSION = YES;
				CLANG_WARN_COMMA = YES;
				CLANG_WARN_CONSTANT_CONVERSION = YES;
				CLANG_WARN_DEPRECATED_OBJC_IMPLEMENTATIONS = YES;
				CLANG_WARN_DIRECT_OBJC_ISA_USAGE = YES_ERROR;
				CLANG_WARN_DOCUMENTATION_COMMENTS = YES;
				CLANG_WARN_EMPTY_BODY = YES;
				CLANG_WARN_ENUM_CONVERSION = YES;
				CLANG_WARN_INFINITE_RECURSION = YES;
				CLANG_WARN_INT_CONVERSION = YES;
				CLANG_WARN_NON_LITERAL_NULL_CONVERSION = YES;
				CLANG_WARN_OBJC_IMPLICIT_RETAIN_SELF = YES;
				CLANG_WARN_OBJC_LITERAL_CONVERSION = YES;
				CLANG_WARN_OBJC_ROOT_CLASS = YES_ERROR;
				CLANG_WARN_RANGE_LOOP_ANALYSIS = YES;
				CLANG_WARN_STRICT_PROTOTYPES = YES;
				CLANG_WARN_SUSPICIOUS_MOVE = YES;
				CLANG_WARN_UNGUARDED_AVAILABILITY = YES_AGGRESSIVE;
				CLANG_WARN_UNREACHABLE_CODE = YES;
				CLANG_WARN__DUPLICATE_METHOD_MATCH = YES;
				COPY_PHASE_STRIP = NO;
				DEBUG_INFORMATION_FORMAT = dwarf;
				ENABLE_STRICT_OBJC_MSGSEND = YES;
				ENABLE_TESTABILITY = YES;
				GCC_C_LANGUAGE_STANDARD = gnu11;
				GCC_DYNAMIC_NO_PIC = NO;
				GCC_NO_COMMON_BLOCKS = YES;
				GCC_OPTIMIZATION_LEVEL = 0;
				GCC_PREPROCESSOR_DEFINITIONS = (
					"DEBUG=1",
					"$(inherited)",
				);
				GCC_WARN_64_TO_32_BIT_CONVERSION = YES;
				GCC_WARN_ABOUT_RETURN_TYPE = YES_ERROR;
				GCC_WARN_UNDECLARED_SELECTOR = YES;
				GCC_WARN_UNINITIALIZED_AUTOS = YES_AGGRESSIVE;
				GCC_WARN_UNUSED_FUNCTION = YES;
				GCC_WARN_UNUSED_VARIABLE = YES;
				IPHONEOS_DEPLOYMENT_TARGET = 13.0;
				MTL_ENABLE_DEBUG_INFO = INCLUDE_SOURCE;
				MTL_FAST_MATH = YES;
				ONLY_ACTIVE_ARCH = YES;
				SDKROOT = iphoneos;
				SWIFT_ACTIVE_COMPILATION_CONDITIONS = DEBUG;
				SWIFT_OPTIMIZATION_LEVEL = "-Onone";
			};
			name = Debug;
		};
		79FBF4DC2386FB02002189D2 /* Release */ = {
			isa = XCBuildConfiguration;
			buildSettings = {
				ALWAYS_SEARCH_USER_PATHS = NO;
				CLANG_ANALYZER_NONNULL = YES;
				CLANG_ANALYZER_NUMBER_OBJECT_CONVERSION = YES_AGGRESSIVE;
				CLANG_CXX_LANGUAGE_STANDARD = "gnu++14";
				CLANG_CXX_LIBRARY = "libc++";
				CLANG_ENABLE_MODULES = YES;
				CLANG_ENABLE_OBJC_ARC = YES;
				CLANG_ENABLE_OBJC_WEAK = YES;
				CLANG_WARN_BLOCK_CAPTURE_AUTORELEASING = YES;
				CLANG_WARN_BOOL_CONVERSION = YES;
				CLANG_WARN_COMMA = YES;
				CLANG_WARN_CONSTANT_CONVERSION = YES;
				CLANG_WARN_DEPRECATED_OBJC_IMPLEMENTATIONS = YES;
				CLANG_WARN_DIRECT_OBJC_ISA_USAGE = YES_ERROR;
				CLANG_WARN_DOCUMENTATION_COMMENTS = YES;
				CLANG_WARN_EMPTY_BODY = YES;
				CLANG_WARN_ENUM_CONVERSION = YES;
				CLANG_WARN_INFINITE_RECURSION = YES;
				CLANG_WARN_INT_CONVERSION = YES;
				CLANG_WARN_NON_LITERAL_NULL_CONVERSION = YES;
				CLANG_WARN_OBJC_IMPLICIT_RETAIN_SELF = YES;
				CLANG_WARN_OBJC_LITERAL_CONVERSION = YES;
				CLANG_WARN_OBJC_ROOT_CLASS = YES_ERROR;
				CLANG_WARN_RANGE_LOOP_ANALYSIS = YES;
				CLANG_WARN_STRICT_PROTOTYPES = YES;
				CLANG_WARN_SUSPICIOUS_MOVE = YES;
				CLANG_WARN_UNGUARDED_AVAILABILITY = YES_AGGRESSIVE;
				CLANG_WARN_UNREACHABLE_CODE = YES;
				CLANG_WARN__DUPLICATE_METHOD_MATCH = YES;
				COPY_PHASE_STRIP = NO;
				DEBUG_INFORMATION_FORMAT = "dwarf-with-dsym";
				ENABLE_NS_ASSERTIONS = NO;
				ENABLE_STRICT_OBJC_MSGSEND = YES;
				GCC_C_LANGUAGE_STANDARD = gnu11;
				GCC_NO_COMMON_BLOCKS = YES;
				GCC_WARN_64_TO_32_BIT_CONVERSION = YES;
				GCC_WARN_ABOUT_RETURN_TYPE = YES_ERROR;
				GCC_WARN_UNDECLARED_SELECTOR = YES;
				GCC_WARN_UNINITIALIZED_AUTOS = YES_AGGRESSIVE;
				GCC_WARN_UNUSED_FUNCTION = YES;
				GCC_WARN_UNUSED_VARIABLE = YES;
				IPHONEOS_DEPLOYMENT_TARGET = 13.0;
				MTL_ENABLE_DEBUG_INFO = NO;
				MTL_FAST_MATH = YES;
				SDKROOT = iphoneos;
				SWIFT_COMPILATION_MODE = wholemodule;
				SWIFT_OPTIMIZATION_LEVEL = "-O";
				VALIDATE_PRODUCT = YES;
			};
			name = Release;
		};
		79FBF4DE2386FB02002189D2 /* Debug */ = {
			isa = XCBuildConfiguration;
			buildSettings = {
				ASSETCATALOG_COMPILER_APPICON_NAME = AppIcon;
				CODE_SIGN_STYLE = Automatic;
				DEVELOPMENT_TEAM = 6UQZ3VBKB4;
				INFOPLIST_FILE = FlameBall/Info.plist;
				LD_RUNPATH_SEARCH_PATHS = (
					"$(inherited)",
					"@executable_path/Frameworks",
				);
				PRODUCT_BUNDLE_IDENTIFIER = coding.FlameBall;
				PRODUCT_NAME = "$(TARGET_NAME)";
				SWIFT_VERSION = 5.0;
				TARGETED_DEVICE_FAMILY = "1,2";
			};
			name = Debug;
		};
		79FBF4DF2386FB02002189D2 /* Release */ = {
			isa = XCBuildConfiguration;
			buildSettings = {
				ASSETCATALOG_COMPILER_APPICON_NAME = AppIcon;
				CODE_SIGN_STYLE = Automatic;
				DEVELOPMENT_TEAM = 6UQZ3VBKB4;
				INFOPLIST_FILE = FlameBall/Info.plist;
				LD_RUNPATH_SEARCH_PATHS = (
					"$(inherited)",
					"@executable_path/Frameworks",
				);
				PRODUCT_BUNDLE_IDENTIFIER = coding.FlameBall;
				PRODUCT_NAME = "$(TARGET_NAME)";
				SWIFT_VERSION = 5.0;
				TARGETED_DEVICE_FAMILY = "1,2";
			};
			name = Release;
		};
		79FBF4E12386FB02002189D2 /* Debug */ = {
			isa = XCBuildConfiguration;
			buildSettings = {
				ALWAYS_EMBED_SWIFT_STANDARD_LIBRARIES = YES;
				BUNDLE_LOADER = "$(TEST_HOST)";
				CODE_SIGN_STYLE = Automatic;
				DEVELOPMENT_TEAM = 7DB3S5L5US;
				INFOPLIST_FILE = FlameBallTests/Info.plist;
				IPHONEOS_DEPLOYMENT_TARGET = 13.0;
				LD_RUNPATH_SEARCH_PATHS = (
					"$(inherited)",
					"@executable_path/Frameworks",
					"@loader_path/Frameworks",
				);
				PRODUCT_BUNDLE_IDENTIFIER = coding.FlameBallTests;
				PRODUCT_NAME = "$(TARGET_NAME)";
				SWIFT_VERSION = 5.0;
				TARGETED_DEVICE_FAMILY = "1,2";
				TEST_HOST = "$(BUILT_PRODUCTS_DIR)/FlameBall.app/FlameBall";
			};
			name = Debug;
		};
		79FBF4E22386FB02002189D2 /* Release */ = {
			isa = XCBuildConfiguration;
			buildSettings = {
				ALWAYS_EMBED_SWIFT_STANDARD_LIBRARIES = YES;
				BUNDLE_LOADER = "$(TEST_HOST)";
				CODE_SIGN_STYLE = Automatic;
				DEVELOPMENT_TEAM = 7DB3S5L5US;
				INFOPLIST_FILE = FlameBallTests/Info.plist;
				IPHONEOS_DEPLOYMENT_TARGET = 13.0;
				LD_RUNPATH_SEARCH_PATHS = (
					"$(inherited)",
					"@executable_path/Frameworks",
					"@loader_path/Frameworks",
				);
				PRODUCT_BUNDLE_IDENTIFIER = coding.FlameBallTests;
				PRODUCT_NAME = "$(TARGET_NAME)";
				SWIFT_VERSION = 5.0;
				TARGETED_DEVICE_FAMILY = "1,2";
				TEST_HOST = "$(BUILT_PRODUCTS_DIR)/FlameBall.app/FlameBall";
			};
			name = Release;
		};
		79FBF4E42386FB02002189D2 /* Debug */ = {
			isa = XCBuildConfiguration;
			buildSettings = {
				ALWAYS_EMBED_SWIFT_STANDARD_LIBRARIES = YES;
				CODE_SIGN_STYLE = Automatic;
				DEVELOPMENT_TEAM = 7DB3S5L5US;
				INFOPLIST_FILE = FlameBallUITests/Info.plist;
				LD_RUNPATH_SEARCH_PATHS = (
					"$(inherited)",
					"@executable_path/Frameworks",
					"@loader_path/Frameworks",
				);
				PRODUCT_BUNDLE_IDENTIFIER = coding.FlameBallUITests;
				PRODUCT_NAME = "$(TARGET_NAME)";
				SWIFT_VERSION = 5.0;
				TARGETED_DEVICE_FAMILY = "1,2";
				TEST_TARGET_NAME = FlameBall;
			};
			name = Debug;
		};
		79FBF4E52386FB02002189D2 /* Release */ = {
			isa = XCBuildConfiguration;
			buildSettings = {
				ALWAYS_EMBED_SWIFT_STANDARD_LIBRARIES = YES;
				CODE_SIGN_STYLE = Automatic;
				DEVELOPMENT_TEAM = 7DB3S5L5US;
				INFOPLIST_FILE = FlameBallUITests/Info.plist;
				LD_RUNPATH_SEARCH_PATHS = (
					"$(inherited)",
					"@executable_path/Frameworks",
					"@loader_path/Frameworks",
				);
				PRODUCT_BUNDLE_IDENTIFIER = coding.FlameBallUITests;
				PRODUCT_NAME = "$(TARGET_NAME)";
				SWIFT_VERSION = 5.0;
				TARGETED_DEVICE_FAMILY = "1,2";
				TEST_TARGET_NAME = FlameBall;
			};
			name = Release;
		};
/* End XCBuildConfiguration section */

/* Begin XCConfigurationList section */
		79FBF4AE2386FB00002189D2 /* Build configuration list for PBXProject "FlameBall" */ = {
			isa = XCConfigurationList;
			buildConfigurations = (
				79FBF4DB2386FB02002189D2 /* Debug */,
				79FBF4DC2386FB02002189D2 /* Release */,
			);
			defaultConfigurationIsVisible = 0;
			defaultConfigurationName = Release;
		};
		79FBF4DD2386FB02002189D2 /* Build configuration list for PBXNativeTarget "FlameBall" */ = {
			isa = XCConfigurationList;
			buildConfigurations = (
				79FBF4DE2386FB02002189D2 /* Debug */,
				79FBF4DF2386FB02002189D2 /* Release */,
			);
			defaultConfigurationIsVisible = 0;
			defaultConfigurationName = Release;
		};
		79FBF4E02386FB02002189D2 /* Build configuration list for PBXNativeTarget "FlameBallTests" */ = {
			isa = XCConfigurationList;
			buildConfigurations = (
				79FBF4E12386FB02002189D2 /* Debug */,
				79FBF4E22386FB02002189D2 /* Release */,
			);
			defaultConfigurationIsVisible = 0;
			defaultConfigurationName = Release;
		};
		79FBF4E32386FB02002189D2 /* Build configuration list for PBXNativeTarget "FlameBallUITests" */ = {
			isa = XCConfigurationList;
			buildConfigurations = (
				79FBF4E42386FB02002189D2 /* Debug */,
				79FBF4E52386FB02002189D2 /* Release */,
			);
			defaultConfigurationIsVisible = 0;
			defaultConfigurationName = Release;
		};
/* End XCConfigurationList section */
	};
	rootObject = 79FBF4AB2386FB00002189D2 /* Project object */;
}
